
Microsoft Visual Studio Solution File, Format Version 12.00
# Visual Studio 2012
Project("{FAE04EC0-301F-11D3-BF4B-00C04F79EFBC}") = "Crowd_Console", "Crowd_Console\Crowd_Console.csproj", "{CE72CECB-2C4D-4F6A-9B98-B7CEC6C07353}"
EndProject
Global
	GlobalSection(SolutionConfigurationPlatforms) = preSolution
		Debug|Any CPU = Debug|Any CPU
		Release|Any CPU = Release|Any CPU
	EndGlobalSection
	GlobalSection(ProjectConfigurationPlatforms) = postSolution
		{CE72CECB-2C4D-4F6A-9B98-B7CEC6C07353}.Debug|Any CPU.ActiveCfg = Debug|Any CPU
		{CE72CECB-2C4D-4F6A-9B98-B7CEC6C07353}.Debug|Any CPU.Build.0 = Debug|Any CPU
		{CE72CECB-2C4D-4F6A-9B98-B7CEC6C07353}.Release|Any CPU.ActiveCfg = Release|Any CPU
		{CE72CECB-2C4D-4F6A-9B98-B7CEC6C07353}.Release|Any CPU.Build.0 = Release|Any CPU
	EndGlobalSection
	GlobalSection(SolutionProperties) = preSolution
		HideSolutionNode = FALSE
	EndGlobalSection
EndGlobal
